
Microsoft Visual Studio Solution File, Format Version 11.00
# Visual Studio 2010
Project("{2150E333-8FDC-42A3-9474-1A3956D46DE8}") = "proj", "proj", "{9DE51CC0-6902-49F5-9B69-B29454DE7164}"
EndProject
Project("{2150E333-8FDC-42A3-9474-1A3956D46DE8}") = "tests", "tests", "{D3C17830-A461-4BA5-A672-461B19B33936}"
EndProject
Project("{FAE04EC0-301F-11D3-BF4B-00C04F79EFBC}") = "EventStore", "proj\EventStore\EventStore.csproj", "{03946843-F343-419C-88EF-3E446D08DFA6}"
EndProject
Project("{FAE04EC0-301F-11D3-BF4B-00C04F79EFBC}") = "EventStore.Core", "proj\EventStore.Core\EventStore.Core.csproj", "{D6413244-42F5-4233-B347-D0A804B09CC9}"
EndProject
Project("{FAE04EC0-301F-11D3-BF4B-00C04F79EFBC}") = "EventStore.Core.UnitTests", "tests\EventStore.Core.UnitTests\EventStore.Core.UnitTests.csproj", "{3B5F8277-F29E-4114-AE81-4A4FBF2D7FA5}"
EndProject
Project("{2150E333-8FDC-42A3-9474-1A3956D46DE8}") = "doc", "doc", "{CD37080A-F48D-4E5D-B7C6-B9F86BB05A38}"
	ProjectSection(SolutionItems) = preProject
		..\doc\EventStore - Architectural Overview.docx = ..\doc\EventStore - Architectural Overview.docx
		..\doc\EventStore - Transactional Integrity without Transactions.docx = ..\doc\EventStore - Transactional Integrity without Transactions.docx
		..\doc\license.txt = ..\doc\license.txt
		..\doc\roadmap.txt = ..\doc\roadmap.txt
	EndProjectSection
EndProject
Project("{FAE04EC0-301F-11D3-BF4B-00C04F79EFBC}") = "EventStore.Serialization", "proj\EventStore.Serialization\EventStore.Serialization.csproj", "{A5BF4B86-26F6-418D-BE35-C6CC3A623D27}"
EndProject
Project("{FAE04EC0-301F-11D3-BF4B-00C04F79EFBC}") = "EventStore.Serialization.Json", "proj\EventStore.Serialization.Json\EventStore.Serialization.Json.csproj", "{CFD895BD-7CB2-4811-A6FA-1851DF769B67}"
EndProject
Project("{FAE04EC0-301F-11D3-BF4B-00C04F79EFBC}") = "EventStore.Serialization.AcceptanceTests", "tests\EventStore.Serialization.AcceptanceTests\EventStore.Serialization.AcceptanceTests.csproj", "{FCCBA30F-738D-4C82-BAE4-906B88399AA2}"
EndProject
Project("{FAE04EC0-301F-11D3-BF4B-00C04F79EFBC}") = "EventStore.Persistence.SqlPersistence", "proj\EventStore.Persistence.SqlPersistence\EventStore.Persistence.SqlPersistence.csproj", "{DAFD3F38-33F3-4F53-BFEA-44E51BD1E8F1}"
EndProject
Project("{FAE04EC0-301F-11D3-BF4B-00C04F79EFBC}") = "EventStore.Persistence.AcceptanceTests", "tests\EventStore.Persistence.AcceptanceTests\EventStore.Persistence.AcceptanceTests.csproj", "{B56FDCEA-086F-40A2-92E1-867CE506CBE3}"
EndProject
Project("{FAE04EC0-301F-11D3-BF4B-00C04F79EFBC}") = "EventStore.Persistence.MongoPersistence", "proj\EventStore.Persistence.MongoPersistence\EventStore.Persistence.MongoPersistence.csproj", "{23A942C3-DE3A-4596-B012-1F56D46A5E2E}"
EndProject
Project("{FAE04EC0-301F-11D3-BF4B-00C04F79EFBC}") = "EventStore.Persistence.MongoDBPersistence", "proj\EventStore.Persistence.MongoDBPersistence\EventStore.Persistence.MongoDBPersistence.csproj", "{32ADD8CE-0F3F-41D8-BFA1-6E5D685E64DD}"
EndProject
Project("{FAE04EC0-301F-11D3-BF4B-00C04F79EFBC}") = "EventStore.Example", "..\doc\EventStore.Example\EventStore.Example.csproj", "{0143B48E-25AF-4CE0-BD49-A52267D359D3}"
EndProject
Global
	GlobalSection(SolutionConfigurationPlatforms) = preSolution
		Debug|Any CPU = Debug|Any CPU
		Release|Any CPU = Release|Any CPU
	EndGlobalSection
	GlobalSection(ProjectConfigurationPlatforms) = postSolution
		{03946843-F343-419C-88EF-3E446D08DFA6}.Debug|Any CPU.ActiveCfg = Debug|Any CPU
		{03946843-F343-419C-88EF-3E446D08DFA6}.Debug|Any CPU.Build.0 = Debug|Any CPU
		{03946843-F343-419C-88EF-3E446D08DFA6}.Release|Any CPU.ActiveCfg = Release|Any CPU
		{03946843-F343-419C-88EF-3E446D08DFA6}.Release|Any CPU.Build.0 = Release|Any CPU
		{D6413244-42F5-4233-B347-D0A804B09CC9}.Debug|Any CPU.ActiveCfg = Debug|Any CPU
		{D6413244-42F5-4233-B347-D0A804B09CC9}.Debug|Any CPU.Build.0 = Debug|Any CPU
		{D6413244-42F5-4233-B347-D0A804B09CC9}.Release|Any CPU.ActiveCfg = Release|Any CPU
		{D6413244-42F5-4233-B347-D0A804B09CC9}.Release|Any CPU.Build.0 = Release|Any CPU
		{3B5F8277-F29E-4114-AE81-4A4FBF2D7FA5}.Debug|Any CPU.ActiveCfg = Debug|Any CPU
		{3B5F8277-F29E-4114-AE81-4A4FBF2D7FA5}.Debug|Any CPU.Build.0 = Debug|Any CPU
		{3B5F8277-F29E-4114-AE81-4A4FBF2D7FA5}.Release|Any CPU.ActiveCfg = Release|Any CPU
		{3B5F8277-F29E-4114-AE81-4A4FBF2D7FA5}.Release|Any CPU.Build.0 = Release|Any CPU
		{A5BF4B86-26F6-418D-BE35-C6CC3A623D27}.Debug|Any CPU.ActiveCfg = Debug|Any CPU
		{A5BF4B86-26F6-418D-BE35-C6CC3A623D27}.Debug|Any CPU.Build.0 = Debug|Any CPU
		{A5BF4B86-26F6-418D-BE35-C6CC3A623D27}.Release|Any CPU.ActiveCfg = Release|Any CPU
		{A5BF4B86-26F6-418D-BE35-C6CC3A623D27}.Release|Any CPU.Build.0 = Release|Any CPU
		{CFD895BD-7CB2-4811-A6FA-1851DF769B67}.Debug|Any CPU.ActiveCfg = Debug|Any CPU
		{CFD895BD-7CB2-4811-A6FA-1851DF769B67}.Debug|Any CPU.Build.0 = Debug|Any CPU
		{CFD895BD-7CB2-4811-A6FA-1851DF769B67}.Release|Any CPU.ActiveCfg = Release|Any CPU
		{CFD895BD-7CB2-4811-A6FA-1851DF769B67}.Release|Any CPU.Build.0 = Release|Any CPU
		{FCCBA30F-738D-4C82-BAE4-906B88399AA2}.Debug|Any CPU.ActiveCfg = Debug|Any CPU
		{FCCBA30F-738D-4C82-BAE4-906B88399AA2}.Debug|Any CPU.Build.0 = Debug|Any CPU
		{FCCBA30F-738D-4C82-BAE4-906B88399AA2}.Release|Any CPU.ActiveCfg = Release|Any CPU
		{FCCBA30F-738D-4C82-BAE4-906B88399AA2}.Release|Any CPU.Build.0 = Release|Any CPU
		{DAFD3F38-33F3-4F53-BFEA-44E51BD1E8F1}.Debug|Any CPU.ActiveCfg = Debug|Any CPU
		{DAFD3F38-33F3-4F53-BFEA-44E51BD1E8F1}.Debug|Any CPU.Build.0 = Debug|Any CPU
		{DAFD3F38-33F3-4F53-BFEA-44E51BD1E8F1}.Release|Any CPU.ActiveCfg = Release|Any CPU
		{DAFD3F38-33F3-4F53-BFEA-44E51BD1E8F1}.Release|Any CPU.Build.0 = Release|Any CPU
		{B56FDCEA-086F-40A2-92E1-867CE506CBE3}.Debug|Any CPU.ActiveCfg = Debug|Any CPU
		{B56FDCEA-086F-40A2-92E1-867CE506CBE3}.Debug|Any CPU.Build.0 = Debug|Any CPU
		{B56FDCEA-086F-40A2-92E1-867CE506CBE3}.Release|Any CPU.ActiveCfg = Release|Any CPU
		{B56FDCEA-086F-40A2-92E1-867CE506CBE3}.Release|Any CPU.Build.0 = Release|Any CPU
		{23A942C3-DE3A-4596-B012-1F56D46A5E2E}.Debug|Any CPU.ActiveCfg = Debug|Any CPU
		{23A942C3-DE3A-4596-B012-1F56D46A5E2E}.Debug|Any CPU.Build.0 = Debug|Any CPU
		{23A942C3-DE3A-4596-B012-1F56D46A5E2E}.Release|Any CPU.ActiveCfg = Release|Any CPU
		{23A942C3-DE3A-4596-B012-1F56D46A5E2E}.Release|Any CPU.Build.0 = Release|Any CPU
		{32ADD8CE-0F3F-41D8-BFA1-6E5D685E64DD}.Debug|Any CPU.ActiveCfg = Debug|Any CPU
		{32ADD8CE-0F3F-41D8-BFA1-6E5D685E64DD}.Debug|Any CPU.Build.0 = Debug|Any CPU
		{32ADD8CE-0F3F-41D8-BFA1-6E5D685E64DD}.Release|Any CPU.ActiveCfg = Release|Any CPU
		{32ADD8CE-0F3F-41D8-BFA1-6E5D685E64DD}.Release|Any CPU.Build.0 = Release|Any CPU
		{0143B48E-25AF-4CE0-BD49-A52267D359D3}.Debug|Any CPU.ActiveCfg = Debug|Any CPU
		{0143B48E-25AF-4CE0-BD49-A52267D359D3}.Debug|Any CPU.Build.0 = Debug|Any CPU
		{0143B48E-25AF-4CE0-BD49-A52267D359D3}.Release|Any CPU.ActiveCfg = Release|Any CPU
		{0143B48E-25AF-4CE0-BD49-A52267D359D3}.Release|Any CPU.Build.0 = Release|Any CPU
	EndGlobalSection
	GlobalSection(SolutionProperties) = preSolution
		HideSolutionNode = FALSE
	EndGlobalSection
	GlobalSection(NestedProjects) = preSolution
		{03946843-F343-419C-88EF-3E446D08DFA6} = {9DE51CC0-6902-49F5-9B69-B29454DE7164}
		{D6413244-42F5-4233-B347-D0A804B09CC9} = {9DE51CC0-6902-49F5-9B69-B29454DE7164}
		{A5BF4B86-26F6-418D-BE35-C6CC3A623D27} = {9DE51CC0-6902-49F5-9B69-B29454DE7164}
		{CFD895BD-7CB2-4811-A6FA-1851DF769B67} = {9DE51CC0-6902-49F5-9B69-B29454DE7164}
		{DAFD3F38-33F3-4F53-BFEA-44E51BD1E8F1} = {9DE51CC0-6902-49F5-9B69-B29454DE7164}
		{23A942C3-DE3A-4596-B012-1F56D46A5E2E} = {9DE51CC0-6902-49F5-9B69-B29454DE7164}
		{32ADD8CE-0F3F-41D8-BFA1-6E5D685E64DD} = {9DE51CC0-6902-49F5-9B69-B29454DE7164}
		{3B5F8277-F29E-4114-AE81-4A4FBF2D7FA5} = {D3C17830-A461-4BA5-A672-461B19B33936}
		{FCCBA30F-738D-4C82-BAE4-906B88399AA2} = {D3C17830-A461-4BA5-A672-461B19B33936}
		{B56FDCEA-086F-40A2-92E1-867CE506CBE3} = {D3C17830-A461-4BA5-A672-461B19B33936}
		{0143B48E-25AF-4CE0-BD49-A52267D359D3} = {CD37080A-F48D-4E5D-B7C6-B9F86BB05A38}
	EndGlobalSection
EndGlobal
