
Microsoft Visual Studio Solution File, Format Version 10.00
# Visual Studio 2008
Project("{FAE04EC0-301F-11D3-BF4B-00C04F79EFBC}") = "EventStore", "proj\EventStore\EventStore.csproj", "{03946843-F343-419C-88EF-3E446D08DFA6}"
EndProject
Project("{2150E333-8FDC-42A3-9474-1A3956D46DE8}") = "proj", "proj", "{9DE51CC0-6902-49F5-9B69-B29454DE7164}"
EndProject
Project("{2150E333-8FDC-42A3-9474-1A3956D46DE8}") = "tests", "tests", "{D3C17830-A461-4BA5-A672-461B19B33936}"
EndProject
Project("{FAE04EC0-301F-11D3-BF4B-00C04F79EFBC}") = "EventStore.Core.Sql", "proj\EventStore.Core.Sql\EventStore.Core.Sql.csproj", "{DAFD3F38-33F3-4F53-BFEA-44E51BD1E8F1}"
EndProject
Global
	GlobalSection(SolutionConfigurationPlatforms) = preSolution
		Debug|Any CPU = Debug|Any CPU
		Release|Any CPU = Release|Any CPU
	EndGlobalSection
	GlobalSection(ProjectConfigurationPlatforms) = postSolution
		{03946843-F343-419C-88EF-3E446D08DFA6}.Debug|Any CPU.ActiveCfg = Debug|Any CPU
		{03946843-F343-419C-88EF-3E446D08DFA6}.Debug|Any CPU.Build.0 = Debug|Any CPU
		{03946843-F343-419C-88EF-3E446D08DFA6}.Release|Any CPU.ActiveCfg = Release|Any CPU
		{03946843-F343-419C-88EF-3E446D08DFA6}.Release|Any CPU.Build.0 = Release|Any CPU
		{DAFD3F38-33F3-4F53-BFEA-44E51BD1E8F1}.Debug|Any CPU.ActiveCfg = Debug|Any CPU
		{DAFD3F38-33F3-4F53-BFEA-44E51BD1E8F1}.Debug|Any CPU.Build.0 = Debug|Any CPU
		{DAFD3F38-33F3-4F53-BFEA-44E51BD1E8F1}.Release|Any CPU.ActiveCfg = Release|Any CPU
		{DAFD3F38-33F3-4F53-BFEA-44E51BD1E8F1}.Release|Any CPU.Build.0 = Release|Any CPU
	EndGlobalSection
	GlobalSection(SolutionProperties) = preSolution
		HideSolutionNode = FALSE
	EndGlobalSection
	GlobalSection(NestedProjects) = preSolution
		{03946843-F343-419C-88EF-3E446D08DFA6} = {9DE51CC0-6902-49F5-9B69-B29454DE7164}
		{DAFD3F38-33F3-4F53-BFEA-44E51BD1E8F1} = {9DE51CC0-6902-49F5-9B69-B29454DE7164}
	EndGlobalSection
EndGlobal
