
Microsoft Visual Studio Solution File, Format Version 12.00
# Visual Studio 2012
Project("{2150E333-8FDC-42A3-9474-1A3956D46DE8}") = ".test", ".test", "{D3C17830-A461-4BA5-A672-461B19B33936}"
	ProjectSection(SolutionItems) = preProject
		tests\EventStore.Persistence.AcceptanceTests\PersistenceTests.cs = tests\EventStore.Persistence.AcceptanceTests\PersistenceTests.cs
		tests\EventStore.Persistence.AcceptanceTests\SerializationTests.cs = tests\EventStore.Persistence.AcceptanceTests\SerializationTests.cs
	EndProjectSection
EndProject
Project("{FAE04EC0-301F-11D3-BF4B-00C04F79EFBC}") = "NEventStore", "proj\EventStore\NEventStore.csproj", "{03946843-F343-419C-88EF-3E446D08DFA6}"
EndProject
Project("{2150E333-8FDC-42A3-9474-1A3956D46DE8}") = ".doc", ".doc", "{CD37080A-F48D-4E5D-B7C6-B9F86BB05A38}"
	ProjectSection(SolutionItems) = preProject
		..\readme.markdown = ..\readme.markdown
	EndProjectSection
EndProject
Project("{FAE04EC0-301F-11D3-BF4B-00C04F79EFBC}") = "EventStore.Serialization.Json", "proj\EventStore.Serialization.Json\EventStore.Serialization.Json.csproj", "{CFD895BD-7CB2-4811-A6FA-1851DF769B67}"
EndProject
Project("{FAE04EC0-301F-11D3-BF4B-00C04F79EFBC}") = "EventStore.Persistence.MongoPersistence", "proj\EventStore.Persistence.MongoPersistence\EventStore.Persistence.MongoPersistence.csproj", "{32ADD8CE-0F3F-41D8-BFA1-6E5D685E64DD}"
EndProject
Project("{FAE04EC0-301F-11D3-BF4B-00C04F79EFBC}") = "EventStore.Example", "..\doc\EventStore.Example\EventStore.Example.csproj", "{0143B48E-25AF-4CE0-BD49-A52267D359D3}"
EndProject
Project("{FAE04EC0-301F-11D3-BF4B-00C04F79EFBC}") = "EventStore.Persistence.RavenPersistence", "proj\EventStore.Persistence.RavenPersistence\EventStore.Persistence.RavenPersistence.csproj", "{F9E7FD69-0818-48CA-9249-5387739E1B6A}"
EndProject
Project("{2150E333-8FDC-42A3-9474-1A3956D46DE8}") = "serialization", "serialization", "{52F7988F-452D-46C2-A144-D85E0CF371C6}"
EndProject
Project("{FAE04EC0-301F-11D3-BF4B-00C04F79EFBC}") = "EventStore.Serialization.Json.Wireup", "proj\EventStore.Serialization.Json.Wireup\EventStore.Serialization.Json.Wireup.csproj", "{DEFFE0C3-2988-4C58-9E36-1302842FFDBD}"
EndProject
Project("{FAE04EC0-301F-11D3-BF4B-00C04F79EFBC}") = "EventStore.Persistence.MongoPersistence.Wireup", "proj\EventStore.Persistence.MongoPersistence.Wireup\EventStore.Persistence.MongoPersistence.Wireup.csproj", "{E95780CB-3114-4925-A38A-1FA4CC4EC213}"
EndProject
Project("{FAE04EC0-301F-11D3-BF4B-00C04F79EFBC}") = "EventStore.Persistence.RavenPersistence.Wireup", "proj\EventStore.Persistence.RavenPersistence.Wireup\EventStore.Persistence.RavenPersistence.Wireup.csproj", "{A99B2B16-B6BE-4B83-ACE0-56A734DB9AEF}"
EndProject
Project("{2150E333-8FDC-42A3-9474-1A3956D46DE8}") = ".nuget", ".nuget", "{08A28C69-B04C-4622-8BF7-C9C4C410E64C}"
	ProjectSection(SolutionItems) = preProject
		.nuget\EventStore.nuspec = .nuget\EventStore.nuspec
		.nuget\EventStore.Persistence.MongoPersistence.nuspec = .nuget\EventStore.Persistence.MongoPersistence.nuspec
		.nuget\EventStore.Persistence.RavenPersistence.nuspec = .nuget\EventStore.Persistence.RavenPersistence.nuspec
		.nuget\EventStore.Serialization.Json.nuspec = .nuget\EventStore.Serialization.Json.nuspec
		.nuget\EventStore.Serialization.ServiceStack.nuspec = .nuget\EventStore.Serialization.ServiceStack.nuspec
		.nuget\NuGet.Config = .nuget\NuGet.Config
		.nuget\NuGet.targets = .nuget\NuGet.targets
		.nuget\packages.config = .nuget\packages.config
	EndProjectSection
EndProject
Project("{FAE04EC0-301F-11D3-BF4B-00C04F79EFBC}") = "EventStore.Persistence.RavenPersistence.Tests", "tests\EventStore.Persistence.RavenPersistence.Tests\EventStore.Persistence.RavenPersistence.Tests.csproj", "{B358D0B5-6FF9-4621-8DDD-2F7E4A6E91EA}"
EndProject
Project("{FAE04EC0-301F-11D3-BF4B-00C04F79EFBC}") = "EventStore.Persistence.AcceptanceTests", "tests\EventStore.Persistence.AcceptanceTests\EventStore.Persistence.AcceptanceTests.csproj", "{3FE594FE-16FF-4405-97D5-5A58FB12520B}"
EndProject
Project("{FAE04EC0-301F-11D3-BF4B-00C04F79EFBC}") = "EventStore.Persistence.MongoPersistence.Tests", "tests\EventStore.Persistence.MongoPersistence.Tests\EventStore.Persistence.MongoPersistence.Tests.csproj", "{49C544AF-02FB-4BE9-BDDF-79EB087E00C3}"
EndProject
Project("{FAE04EC0-301F-11D3-BF4B-00C04F79EFBC}") = "EventStore.Persistence.MsSql.Tests", "tests\EventStore.Persistence.MsSql.Tests\EventStore.Persistence.MsSql.Tests.csproj", "{79D255F6-B001-425E-B3BF-CBF1E9A884B9}"
EndProject
Project("{FAE04EC0-301F-11D3-BF4B-00C04F79EFBC}") = "EventStore.Persistence.Firebird.Tests", "tests\EventStore.Persistence.Firebird.Tests\EventStore.Persistence.Firebird.Tests.csproj", "{973502AE-429F-4081-A361-080C1D8B57B1}"
EndProject
Project("{FAE04EC0-301F-11D3-BF4B-00C04F79EFBC}") = "EventStore.Persistence.MySql.Tests", "tests\EventStore.Persistence.MySql.Tests\EventStore.Persistence.MySql.Tests.csproj", "{6073E59E-589B-4DC1-8073-0B3E462E825A}"
EndProject
Project("{FAE04EC0-301F-11D3-BF4B-00C04F79EFBC}") = "EventStore.Persistence.Oracle.Tests", "tests\EventStore.Persistence.Oracle.Tests\EventStore.Persistence.Oracle.Tests.csproj", "{860604D7-63EA-4F57-815B-57DF4830F212}"
EndProject
Project("{FAE04EC0-301F-11D3-BF4B-00C04F79EFBC}") = "EventStore.Persistence.PostgreSql.Tests", "tests\EventStore.Persistence.PostgreSql.Tests\EventStore.Persistence.PostgreSql.Tests.csproj", "{770FE444-6CC3-44D0-950E-EAF6B7CF7382}"
EndProject
Project("{FAE04EC0-301F-11D3-BF4B-00C04F79EFBC}") = "EventStore.Persistence.SqlCe.Tests", "tests\EventStore.Persistence.SqlCe.Tests\EventStore.Persistence.SqlCe.Tests.csproj", "{1A0C56B7-0186-4E2B-89FA-6B14FED37A75}"
EndProject
Project("{FAE04EC0-301F-11D3-BF4B-00C04F79EFBC}") = "EventStore.Persistence.Sqlite.Tests", "tests\EventStore.Persistence.Sqlite.Tests\EventStore.Persistence.Sqlite.Tests.csproj", "{DE2428C7-5F47-4541-9727-B3AACB14DCD6}"
EndProject
Project("{2150E333-8FDC-42A3-9474-1A3956D46DE8}") = "persistence.mongo", "persistence.mongo", "{154F4778-2DE9-4A1E-94AF-411FD10BA8E5}"
EndProject
Project("{2150E333-8FDC-42A3-9474-1A3956D46DE8}") = "persistence.raven", "persistence.raven", "{7F08A043-1B98-4715-AF97-DCFDA5B781B7}"
EndProject
Project("{2150E333-8FDC-42A3-9474-1A3956D46DE8}") = "persistence.sql", "persistence.sql", "{302E416E-456F-49D4-A1A4-42323FCD38AD}"
EndProject
Project("{2150E333-8FDC-42A3-9474-1A3956D46DE8}") = "core", "core", "{D35087BF-941A-49EA-96A8-B10457C4D169}"
EndProject
Project("{2150E333-8FDC-42A3-9474-1A3956D46DE8}") = "serialization.json", "serialization.json", "{C865111F-C7D9-4D4E-A927-EE6C27306047}"
EndProject
Project("{FAE04EC0-301F-11D3-BF4B-00C04F79EFBC}") = "EventStore.Serialization.Binary.Tests", "tests\EventStore.Serialization.Binary.Tests\EventStore.Serialization.Binary.Tests.csproj", "{41BD8E8F-F530-48CB-A07B-92E65C8C742E}"
EndProject
Project("{FAE04EC0-301F-11D3-BF4B-00C04F79EFBC}") = "EventStore.Serialization.Gzip.Tests", "tests\EventStore.Serialization.Gzip.Tests\EventStore.Serialization.Gzip.Tests.csproj", "{C6BFE4FC-4017-438B-AE99-D4D6F6FC4FE5}"
EndProject
Project("{FAE04EC0-301F-11D3-BF4B-00C04F79EFBC}") = "EventStore.Serialization.Rijndael.Tests", "tests\EventStore.Serialization.Rijndael.Tests\EventStore.Serialization.Rijndael.Tests.csproj", "{76554E1F-CAE0-41EB-9C92-A47EC7188714}"
EndProject
Project("{FAE04EC0-301F-11D3-BF4B-00C04F79EFBC}") = "EventStore.Serialization.Json.Tests", "tests\EventStore.Serialization.Json.Tests\EventStore.Serialization.Json.Tests.csproj", "{5BC2809F-2CC0-4152-A3D6-4BF729349103}"
EndProject
Project("{FAE04EC0-301F-11D3-BF4B-00C04F79EFBC}") = "EventStore.Serialization.Bson.Tests", "tests\EventStore.Serialization.Bson.Tests\EventStore.Serialization.Bson.Tests.csproj", "{ED77D452-FE7B-4149-8680-348740DA7B67}"
EndProject
Project("{FAE04EC0-301F-11D3-BF4B-00C04F79EFBC}") = "EventStore.Tests", "tests\EventStore.Core.Tests\EventStore.Tests.csproj", "{785B7EF4-BD47-4F98-9802-DA1C4A55ECA4}"
EndProject
Global
	GlobalSection(SolutionConfigurationPlatforms) = preSolution
		Debug|Any CPU = Debug|Any CPU
		Release|Any CPU = Release|Any CPU
	EndGlobalSection
	GlobalSection(ProjectConfigurationPlatforms) = postSolution
		{03946843-F343-419C-88EF-3E446D08DFA6}.Debug|Any CPU.ActiveCfg = Debug|Any CPU
		{03946843-F343-419C-88EF-3E446D08DFA6}.Debug|Any CPU.Build.0 = Debug|Any CPU
		{03946843-F343-419C-88EF-3E446D08DFA6}.Release|Any CPU.ActiveCfg = Release|Any CPU
		{03946843-F343-419C-88EF-3E446D08DFA6}.Release|Any CPU.Build.0 = Release|Any CPU
		{CFD895BD-7CB2-4811-A6FA-1851DF769B67}.Debug|Any CPU.ActiveCfg = Debug|Any CPU
		{CFD895BD-7CB2-4811-A6FA-1851DF769B67}.Debug|Any CPU.Build.0 = Debug|Any CPU
		{CFD895BD-7CB2-4811-A6FA-1851DF769B67}.Release|Any CPU.ActiveCfg = Release|Any CPU
		{CFD895BD-7CB2-4811-A6FA-1851DF769B67}.Release|Any CPU.Build.0 = Release|Any CPU
		{32ADD8CE-0F3F-41D8-BFA1-6E5D685E64DD}.Debug|Any CPU.ActiveCfg = Debug|Any CPU
		{32ADD8CE-0F3F-41D8-BFA1-6E5D685E64DD}.Debug|Any CPU.Build.0 = Debug|Any CPU
		{32ADD8CE-0F3F-41D8-BFA1-6E5D685E64DD}.Release|Any CPU.ActiveCfg = Release|Any CPU
		{32ADD8CE-0F3F-41D8-BFA1-6E5D685E64DD}.Release|Any CPU.Build.0 = Release|Any CPU
		{0143B48E-25AF-4CE0-BD49-A52267D359D3}.Debug|Any CPU.ActiveCfg = Debug|Any CPU
		{0143B48E-25AF-4CE0-BD49-A52267D359D3}.Debug|Any CPU.Build.0 = Debug|Any CPU
		{0143B48E-25AF-4CE0-BD49-A52267D359D3}.Release|Any CPU.ActiveCfg = Release|Any CPU
		{0143B48E-25AF-4CE0-BD49-A52267D359D3}.Release|Any CPU.Build.0 = Release|Any CPU
		{F9E7FD69-0818-48CA-9249-5387739E1B6A}.Debug|Any CPU.ActiveCfg = Debug|Any CPU
		{F9E7FD69-0818-48CA-9249-5387739E1B6A}.Debug|Any CPU.Build.0 = Debug|Any CPU
		{F9E7FD69-0818-48CA-9249-5387739E1B6A}.Release|Any CPU.ActiveCfg = Release|Any CPU
		{F9E7FD69-0818-48CA-9249-5387739E1B6A}.Release|Any CPU.Build.0 = Release|Any CPU
		{DEFFE0C3-2988-4C58-9E36-1302842FFDBD}.Debug|Any CPU.ActiveCfg = Debug|Any CPU
		{DEFFE0C3-2988-4C58-9E36-1302842FFDBD}.Debug|Any CPU.Build.0 = Debug|Any CPU
		{DEFFE0C3-2988-4C58-9E36-1302842FFDBD}.Release|Any CPU.ActiveCfg = Release|Any CPU
		{DEFFE0C3-2988-4C58-9E36-1302842FFDBD}.Release|Any CPU.Build.0 = Release|Any CPU
		{E95780CB-3114-4925-A38A-1FA4CC4EC213}.Debug|Any CPU.ActiveCfg = Debug|Any CPU
		{E95780CB-3114-4925-A38A-1FA4CC4EC213}.Debug|Any CPU.Build.0 = Debug|Any CPU
		{E95780CB-3114-4925-A38A-1FA4CC4EC213}.Release|Any CPU.ActiveCfg = Release|Any CPU
		{E95780CB-3114-4925-A38A-1FA4CC4EC213}.Release|Any CPU.Build.0 = Release|Any CPU
		{A99B2B16-B6BE-4B83-ACE0-56A734DB9AEF}.Debug|Any CPU.ActiveCfg = Debug|Any CPU
		{A99B2B16-B6BE-4B83-ACE0-56A734DB9AEF}.Debug|Any CPU.Build.0 = Debug|Any CPU
		{A99B2B16-B6BE-4B83-ACE0-56A734DB9AEF}.Release|Any CPU.ActiveCfg = Release|Any CPU
		{A99B2B16-B6BE-4B83-ACE0-56A734DB9AEF}.Release|Any CPU.Build.0 = Release|Any CPU
		{B358D0B5-6FF9-4621-8DDD-2F7E4A6E91EA}.Debug|Any CPU.ActiveCfg = Debug|Any CPU
		{B358D0B5-6FF9-4621-8DDD-2F7E4A6E91EA}.Debug|Any CPU.Build.0 = Debug|Any CPU
		{B358D0B5-6FF9-4621-8DDD-2F7E4A6E91EA}.Release|Any CPU.ActiveCfg = Release|Any CPU
		{B358D0B5-6FF9-4621-8DDD-2F7E4A6E91EA}.Release|Any CPU.Build.0 = Release|Any CPU
		{3FE594FE-16FF-4405-97D5-5A58FB12520B}.Debug|Any CPU.ActiveCfg = Debug|Any CPU
		{3FE594FE-16FF-4405-97D5-5A58FB12520B}.Debug|Any CPU.Build.0 = Debug|Any CPU
		{3FE594FE-16FF-4405-97D5-5A58FB12520B}.Release|Any CPU.ActiveCfg = Release|Any CPU
		{3FE594FE-16FF-4405-97D5-5A58FB12520B}.Release|Any CPU.Build.0 = Release|Any CPU
		{49C544AF-02FB-4BE9-BDDF-79EB087E00C3}.Debug|Any CPU.ActiveCfg = Debug|Any CPU
		{49C544AF-02FB-4BE9-BDDF-79EB087E00C3}.Debug|Any CPU.Build.0 = Debug|Any CPU
		{49C544AF-02FB-4BE9-BDDF-79EB087E00C3}.Release|Any CPU.ActiveCfg = Release|Any CPU
		{49C544AF-02FB-4BE9-BDDF-79EB087E00C3}.Release|Any CPU.Build.0 = Release|Any CPU
		{79D255F6-B001-425E-B3BF-CBF1E9A884B9}.Debug|Any CPU.ActiveCfg = Debug|Any CPU
		{79D255F6-B001-425E-B3BF-CBF1E9A884B9}.Debug|Any CPU.Build.0 = Debug|Any CPU
		{79D255F6-B001-425E-B3BF-CBF1E9A884B9}.Release|Any CPU.ActiveCfg = Release|Any CPU
		{79D255F6-B001-425E-B3BF-CBF1E9A884B9}.Release|Any CPU.Build.0 = Release|Any CPU
		{973502AE-429F-4081-A361-080C1D8B57B1}.Debug|Any CPU.ActiveCfg = Debug|Any CPU
		{973502AE-429F-4081-A361-080C1D8B57B1}.Debug|Any CPU.Build.0 = Debug|Any CPU
		{973502AE-429F-4081-A361-080C1D8B57B1}.Release|Any CPU.ActiveCfg = Release|Any CPU
		{973502AE-429F-4081-A361-080C1D8B57B1}.Release|Any CPU.Build.0 = Release|Any CPU
		{6073E59E-589B-4DC1-8073-0B3E462E825A}.Debug|Any CPU.ActiveCfg = Debug|Any CPU
		{6073E59E-589B-4DC1-8073-0B3E462E825A}.Debug|Any CPU.Build.0 = Debug|Any CPU
		{6073E59E-589B-4DC1-8073-0B3E462E825A}.Release|Any CPU.ActiveCfg = Release|Any CPU
		{6073E59E-589B-4DC1-8073-0B3E462E825A}.Release|Any CPU.Build.0 = Release|Any CPU
		{860604D7-63EA-4F57-815B-57DF4830F212}.Debug|Any CPU.ActiveCfg = Debug|Any CPU
		{860604D7-63EA-4F57-815B-57DF4830F212}.Debug|Any CPU.Build.0 = Debug|Any CPU
		{860604D7-63EA-4F57-815B-57DF4830F212}.Release|Any CPU.ActiveCfg = Release|Any CPU
		{860604D7-63EA-4F57-815B-57DF4830F212}.Release|Any CPU.Build.0 = Release|Any CPU
		{770FE444-6CC3-44D0-950E-EAF6B7CF7382}.Debug|Any CPU.ActiveCfg = Debug|Any CPU
		{770FE444-6CC3-44D0-950E-EAF6B7CF7382}.Debug|Any CPU.Build.0 = Debug|Any CPU
		{770FE444-6CC3-44D0-950E-EAF6B7CF7382}.Release|Any CPU.ActiveCfg = Release|Any CPU
		{770FE444-6CC3-44D0-950E-EAF6B7CF7382}.Release|Any CPU.Build.0 = Release|Any CPU
		{1A0C56B7-0186-4E2B-89FA-6B14FED37A75}.Debug|Any CPU.ActiveCfg = Debug|Any CPU
		{1A0C56B7-0186-4E2B-89FA-6B14FED37A75}.Debug|Any CPU.Build.0 = Debug|Any CPU
		{1A0C56B7-0186-4E2B-89FA-6B14FED37A75}.Release|Any CPU.ActiveCfg = Release|Any CPU
		{1A0C56B7-0186-4E2B-89FA-6B14FED37A75}.Release|Any CPU.Build.0 = Release|Any CPU
		{DE2428C7-5F47-4541-9727-B3AACB14DCD6}.Debug|Any CPU.ActiveCfg = Debug|Any CPU
		{DE2428C7-5F47-4541-9727-B3AACB14DCD6}.Debug|Any CPU.Build.0 = Debug|Any CPU
		{DE2428C7-5F47-4541-9727-B3AACB14DCD6}.Release|Any CPU.ActiveCfg = Release|Any CPU
		{DE2428C7-5F47-4541-9727-B3AACB14DCD6}.Release|Any CPU.Build.0 = Release|Any CPU
		{41BD8E8F-F530-48CB-A07B-92E65C8C742E}.Debug|Any CPU.ActiveCfg = Debug|Any CPU
		{41BD8E8F-F530-48CB-A07B-92E65C8C742E}.Debug|Any CPU.Build.0 = Debug|Any CPU
		{41BD8E8F-F530-48CB-A07B-92E65C8C742E}.Release|Any CPU.ActiveCfg = Release|Any CPU
		{41BD8E8F-F530-48CB-A07B-92E65C8C742E}.Release|Any CPU.Build.0 = Release|Any CPU
		{C6BFE4FC-4017-438B-AE99-D4D6F6FC4FE5}.Debug|Any CPU.ActiveCfg = Debug|Any CPU
		{C6BFE4FC-4017-438B-AE99-D4D6F6FC4FE5}.Debug|Any CPU.Build.0 = Debug|Any CPU
		{C6BFE4FC-4017-438B-AE99-D4D6F6FC4FE5}.Release|Any CPU.ActiveCfg = Release|Any CPU
		{C6BFE4FC-4017-438B-AE99-D4D6F6FC4FE5}.Release|Any CPU.Build.0 = Release|Any CPU
		{76554E1F-CAE0-41EB-9C92-A47EC7188714}.Debug|Any CPU.ActiveCfg = Debug|Any CPU
		{76554E1F-CAE0-41EB-9C92-A47EC7188714}.Debug|Any CPU.Build.0 = Debug|Any CPU
		{76554E1F-CAE0-41EB-9C92-A47EC7188714}.Release|Any CPU.ActiveCfg = Release|Any CPU
		{76554E1F-CAE0-41EB-9C92-A47EC7188714}.Release|Any CPU.Build.0 = Release|Any CPU
		{5BC2809F-2CC0-4152-A3D6-4BF729349103}.Debug|Any CPU.ActiveCfg = Debug|Any CPU
		{5BC2809F-2CC0-4152-A3D6-4BF729349103}.Debug|Any CPU.Build.0 = Debug|Any CPU
		{5BC2809F-2CC0-4152-A3D6-4BF729349103}.Release|Any CPU.ActiveCfg = Release|Any CPU
		{5BC2809F-2CC0-4152-A3D6-4BF729349103}.Release|Any CPU.Build.0 = Release|Any CPU
		{ED77D452-FE7B-4149-8680-348740DA7B67}.Debug|Any CPU.ActiveCfg = Debug|Any CPU
		{ED77D452-FE7B-4149-8680-348740DA7B67}.Debug|Any CPU.Build.0 = Debug|Any CPU
		{ED77D452-FE7B-4149-8680-348740DA7B67}.Release|Any CPU.ActiveCfg = Release|Any CPU
		{ED77D452-FE7B-4149-8680-348740DA7B67}.Release|Any CPU.Build.0 = Release|Any CPU
		{785B7EF4-BD47-4F98-9802-DA1C4A55ECA4}.Debug|Any CPU.ActiveCfg = Debug|Any CPU
		{785B7EF4-BD47-4F98-9802-DA1C4A55ECA4}.Debug|Any CPU.Build.0 = Debug|Any CPU
		{785B7EF4-BD47-4F98-9802-DA1C4A55ECA4}.Release|Any CPU.ActiveCfg = Release|Any CPU
		{785B7EF4-BD47-4F98-9802-DA1C4A55ECA4}.Release|Any CPU.Build.0 = Release|Any CPU
	EndGlobalSection
	GlobalSection(SolutionProperties) = preSolution
		HideSolutionNode = FALSE
	EndGlobalSection
	GlobalSection(NestedProjects) = preSolution
		{3FE594FE-16FF-4405-97D5-5A58FB12520B} = {D3C17830-A461-4BA5-A672-461B19B33936}
		{03946843-F343-419C-88EF-3E446D08DFA6} = {D35087BF-941A-49EA-96A8-B10457C4D169}
		{785B7EF4-BD47-4F98-9802-DA1C4A55ECA4} = {D35087BF-941A-49EA-96A8-B10457C4D169}
		{0143B48E-25AF-4CE0-BD49-A52267D359D3} = {CD37080A-F48D-4E5D-B7C6-B9F86BB05A38}
		{41BD8E8F-F530-48CB-A07B-92E65C8C742E} = {52F7988F-452D-46C2-A144-D85E0CF371C6}
		{C6BFE4FC-4017-438B-AE99-D4D6F6FC4FE5} = {52F7988F-452D-46C2-A144-D85E0CF371C6}
		{76554E1F-CAE0-41EB-9C92-A47EC7188714} = {52F7988F-452D-46C2-A144-D85E0CF371C6}
		{DEFFE0C3-2988-4C58-9E36-1302842FFDBD} = {C865111F-C7D9-4D4E-A927-EE6C27306047}
		{CFD895BD-7CB2-4811-A6FA-1851DF769B67} = {C865111F-C7D9-4D4E-A927-EE6C27306047}
		{5BC2809F-2CC0-4152-A3D6-4BF729349103} = {C865111F-C7D9-4D4E-A927-EE6C27306047}
		{ED77D452-FE7B-4149-8680-348740DA7B67} = {C865111F-C7D9-4D4E-A927-EE6C27306047}
		{79D255F6-B001-425E-B3BF-CBF1E9A884B9} = {302E416E-456F-49D4-A1A4-42323FCD38AD}
		{973502AE-429F-4081-A361-080C1D8B57B1} = {302E416E-456F-49D4-A1A4-42323FCD38AD}
		{6073E59E-589B-4DC1-8073-0B3E462E825A} = {302E416E-456F-49D4-A1A4-42323FCD38AD}
		{860604D7-63EA-4F57-815B-57DF4830F212} = {302E416E-456F-49D4-A1A4-42323FCD38AD}
		{770FE444-6CC3-44D0-950E-EAF6B7CF7382} = {302E416E-456F-49D4-A1A4-42323FCD38AD}
		{1A0C56B7-0186-4E2B-89FA-6B14FED37A75} = {302E416E-456F-49D4-A1A4-42323FCD38AD}
		{DE2428C7-5F47-4541-9727-B3AACB14DCD6} = {302E416E-456F-49D4-A1A4-42323FCD38AD}
		{E95780CB-3114-4925-A38A-1FA4CC4EC213} = {154F4778-2DE9-4A1E-94AF-411FD10BA8E5}
		{49C544AF-02FB-4BE9-BDDF-79EB087E00C3} = {154F4778-2DE9-4A1E-94AF-411FD10BA8E5}
		{32ADD8CE-0F3F-41D8-BFA1-6E5D685E64DD} = {154F4778-2DE9-4A1E-94AF-411FD10BA8E5}
		{A99B2B16-B6BE-4B83-ACE0-56A734DB9AEF} = {7F08A043-1B98-4715-AF97-DCFDA5B781B7}
		{B358D0B5-6FF9-4621-8DDD-2F7E4A6E91EA} = {7F08A043-1B98-4715-AF97-DCFDA5B781B7}
		{F9E7FD69-0818-48CA-9249-5387739E1B6A} = {7F08A043-1B98-4715-AF97-DCFDA5B781B7}
	EndGlobalSection
EndGlobal
